
Microsoft Visual Studio Solution File, Format Version 12.00
# Visual Studio Version 17
VisualStudioVersion = 17.8.34408.163
MinimumVisualStudioVersion = 10.0.40219.1
Project("{FAE04EC0-301F-11D3-BF4B-00C04F79EFBC}") = "WebAPI", "WebAPI.csproj", "{15089B7C-AAA4-40AC-B2FE-14DA6FE5072E}"
EndProject
Global
	GlobalSection(SolutionConfigurationPlatforms) = preSolution
		Debug|Any CPU = Debug|Any CPU
		Release|Any CPU = Release|Any CPU
	EndGlobalSection
	GlobalSection(ProjectConfigurationPlatforms) = postSolution
		{15089B7C-AAA4-40AC-B2FE-14DA6FE5072E}.Debug|Any CPU.ActiveCfg = Debug|Any CPU
		{15089B7C-AAA4-40AC-B2FE-14DA6FE5072E}.Debug|Any CPU.Build.0 = Debug|Any CPU
		{15089B7C-AAA4-40AC-B2FE-14DA6FE5072E}.Release|Any CPU.ActiveCfg = Release|Any CPU
		{15089B7C-AAA4-40AC-B2FE-14DA6FE5072E}.Release|Any CPU.Build.0 = Release|Any CPU
	EndGlobalSection
	GlobalSection(SolutionProperties) = preSolution
		HideSolutionNode = FALSE
	EndGlobalSection
	GlobalSection(ExtensibilityGlobals) = postSolution
		SolutionGuid = {89FC3D7B-4049-4B68-B0B7-9EDB6F125DF7}
	EndGlobalSection
EndGlobal
